{
  "name": "big",
  "version": "1.0.0",
  "lockfileVersion": 3,
  "requires": true,
  "packages": {
    "": {
      "name": "big",
      "version": "1.0.0",
      "license": "ISC",
      "dependencies": {
        "node-fetch": "^2.7.0",
        "ua-parser-js": "^2.0.5"
      }
    },
    "node_modules/detect-europe-js": {
      "version": "0.1.2",
      "resolved": "https://registry.npmjs.org/detect-europe-js/-/detect-europe-js-0.1.2.tgz",
      "integrity": "sha512-lgdERlL3u0aUdHocoouzT10d9I89VVhk0qNRmll7mXdGfJT1/wqZ2ZLA4oJAjeACPY5fT1wsbq2AT+GkuInsow==",
      "funding": [
        {
          "type": "github",
          "url": "https://github.com/sponsors/faisalman"
        },
        {
          "type": "opencollective",
          "url": "https://opencollective.com/ua-parser-js"
        },
        {
          "type": "paypal",
          "url": "https://paypal.me/faisalman"
        }
      ],
      "license": "MIT"
    },
    "node_modules/is-standalone-pwa": {
      "version": "0.1.1",
      "resolved": "https://registry.npmjs.org/is-standalone-pwa/-/is-standalone-pwa-0.1.1.tgz",
      "integrity": "sha512-9Cbovsa52vNQCjdXOzeQq5CnCbAcRk05aU62K20WO372NrTv0NxibLFCK6lQ4/iZEFdEA3p3t2VNOn8AJ53F5g==",
      "funding": [
        {
          "type": "github",
          "url": "https://github.com/sponsors/faisalman"
        },
        {
          "type": "opencollective",
          "url": "https://opencollective.com/ua-parser-js"
        },
        {
          "type": "paypal",
          "url": "https://paypal.me/faisalman"
        }
      ],
      "license": "MIT"
    },
    "node_modules/node-fetch": {
      "version": "2.7.0",
      "resolved": "https://registry.npmjs.org/node-fetch/-/node-fetch-2.7.0.tgz",
      "integrity": "sha512-c4FRfUm/dbcWZ7U+1Wq0AwCyFL+3nt2bEw05wfxSz+DWpWsitgmSgYmy2dQdWyKC1694ELPqMs/YzUSNozLt8A==",
      "license": "MIT",
      "dependencies": {
        "whatwg-url": "^5.0.0"
      },
      "engines": {
        "node": "4.x || >=6.0.0"
      },
      "peerDependencies": {
        "encoding": "^0.1.0"
      },
      "peerDependenciesMeta": {
        "encoding": {
          "optional": true
        }
      }
    },
    "node_modules/tr46": {
      "version": "0.0.3",
      "resolved": "https://registry.npmjs.org/tr46/-/tr46-0.0.3.tgz",
      "integrity": "sha512-N3WMsuqV66lT30CrXNbEjx4GEwlow3v6rr4mCcv6prnfwhS01rkgyFdjPNBYd9br7LpXV1+Emh01fHnq2Gdgrw==",
      "license": "MIT"
    },
    "node_modules/ua-is-frozen": {
      "version": "0.1.2",
      "resolved": "https://registry.npmjs.org/ua-is-frozen/-/ua-is-frozen-0.1.2.tgz",
      "integrity": "sha512-RwKDW2p3iyWn4UbaxpP2+VxwqXh0jpvdxsYpZ5j/MLLiQOfbsV5shpgQiw93+KMYQPcteeMQ289MaAFzs3G9pw==",
      "funding": [
        {
          "type": "github",
          "url": "https://github.com/sponsors/faisalman"
        },
        {
          "type": "opencollective",
          "url": "https://opencollective.com/ua-parser-js"
        },
        {
          "type": "paypal",
          "url": "https://paypal.me/faisalman"
        }
      ],
      "license": "MIT"
    },
    "node_modules/ua-parser-js": {
      "version": "2.0.5",
      "resolved": "https://registry.npmjs.org/ua-parser-js/-/ua-parser-js-2.0.5.tgz",
      "integrity": "sha512-sZErtx3rhpvZQanWW5umau4o/snfoLqRcQwQIZ54377WtRzIecnIKvjpkd5JwPcSUMglGnbIgcsQBGAbdi3S9Q==",
      "funding": [
        {
          "type": "opencollective",
          "url": "https://opencollective.com/ua-parser-js"
        },
        {
          "type": "paypal",
          "url": "https://paypal.me/faisalman"
        },
        {
          "type": "github",
          "url": "https://github.com/sponsors/faisalman"
        }
      ],
      "license": "AGPL-3.0-or-later",
      "dependencies": {
        "detect-europe-js": "^0.1.2",
        "is-standalone-pwa": "^0.1.1",
        "ua-is-frozen": "^0.1.2",
        "undici": "^7.12.0"
      },
      "bin": {
        "ua-parser-js": "script/cli.js"
      },
      "engines": {
        "node": "*"
      }
    },
    "node_modules/undici": {
      "version": "7.16.0",
      "resolved": "https://registry.npmjs.org/undici/-/undici-7.16.0.tgz",
      "integrity": "sha512-QEg3HPMll0o3t2ourKwOeUAZ159Kn9mx5pnzHRQO8+Wixmh88YdZRiIwat0iNzNNXn0yoEtXJqFpyW7eM8BV7g==",
      "license": "MIT",
      "engines": {
        "node": ">=20.18.1"
      }
    },
    "node_modules/webidl-conversions": {
      "version": "3.0.1",
      "resolved": "https://registry.npmjs.org/webidl-conversions/-/webidl-conversions-3.0.1.tgz",
      "integrity": "sha512-2JAn3z8AR6rjK8Sm8orRC0h/bcl/DqL7tRPdGZ4I1CjdF+EaMLmYxBHyXuKL849eucPFhvBoxMsflfOb8kxaeQ==",
      "license": "BSD-2-Clause"
    },
    "node_modules/whatwg-url": {
      "version": "5.0.0",
      "resolved": "https://registry.npmjs.org/whatwg-url/-/whatwg-url-5.0.0.tgz",
      "integrity": "sha512-saE57nupxk6v3HY35+jzBwYa0rKSy0XR8JSxZPwgLr7ys0IBzhGviA1/TUGJLmSVqs8pb9AnvICXEuOHLprYTw==",
      "license": "MIT",
      "dependencies": {
        "tr46": "~0.0.3",
        "webidl-conversions": "^3.0.0"
      }
    }
  }
}
